
Microsoft Visual Studio Solution File, Format Version 12.00
# Visual Studio 15
VisualStudioVersion = 15.0.28010.2046
MinimumVisualStudioVersion = 10.0.40219.1
Project("{FAE04EC0-301F-11D3-BF4B-00C04F79EFBC}") = "StudentsAutomationProject", "StudentsAutomationProject\StudentsAutomationProject.csproj", "{2CF89617-6B49-4A7D-A633-DC577B33F4CD}"
EndProject
Project("{FAE04EC0-301F-11D3-BF4B-00C04F79EFBC}") = "Students.Services", "Students.Services\Students.Services.csproj", "{DECD2930-BC76-460E-B951-2AADAD78217D}"
EndProject
Project("{FAE04EC0-301F-11D3-BF4B-00C04F79EFBC}") = "Students.ServicesModel", "Students.ServicesModel\Students.ServicesModel.csproj", "{69537753-CA2E-4FAD-9435-7DE563DA5195}"
EndProject
Project("{2150E333-8FDC-42A3-9474-1A3956D46DE8}") = "Students.Services", "Students.Services", "{F997DF3C-A90A-4E82-8999-053A19B417F0}"
EndProject
Project("{2150E333-8FDC-42A3-9474-1A3956D46DE8}") = "Students.Repository", "Students.Repository", "{E65A3ED9-4A07-4D63-9DDB-3CFA0A222CA3}"
EndProject
Project("{FAE04EC0-301F-11D3-BF4B-00C04F79EFBC}") = "Students.Repository", "Students.Repository\Students.Repository.csproj", "{B0F9C937-FB10-4CC2-82A8-C7F03543376A}"
EndProject
Project("{FAE04EC0-301F-11D3-BF4B-00C04F79EFBC}") = "Students.RepositoryModel", "Students.RepositoryModel\Students.RepositoryModel.csproj", "{0BA1FEEF-1839-464B-81CE-3DB51BA3A12D}"
EndProject
Global
	GlobalSection(SolutionConfigurationPlatforms) = preSolution
		Debug|Any CPU = Debug|Any CPU
		Release|Any CPU = Release|Any CPU
	EndGlobalSection
	GlobalSection(ProjectConfigurationPlatforms) = postSolution
		{2CF89617-6B49-4A7D-A633-DC577B33F4CD}.Debug|Any CPU.ActiveCfg = Debug|Any CPU
		{2CF89617-6B49-4A7D-A633-DC577B33F4CD}.Debug|Any CPU.Build.0 = Debug|Any CPU
		{2CF89617-6B49-4A7D-A633-DC577B33F4CD}.Release|Any CPU.ActiveCfg = Release|Any CPU
		{2CF89617-6B49-4A7D-A633-DC577B33F4CD}.Release|Any CPU.Build.0 = Release|Any CPU
		{DECD2930-BC76-460E-B951-2AADAD78217D}.Debug|Any CPU.ActiveCfg = Debug|Any CPU
		{DECD2930-BC76-460E-B951-2AADAD78217D}.Debug|Any CPU.Build.0 = Debug|Any CPU
		{DECD2930-BC76-460E-B951-2AADAD78217D}.Release|Any CPU.ActiveCfg = Release|Any CPU
		{DECD2930-BC76-460E-B951-2AADAD78217D}.Release|Any CPU.Build.0 = Release|Any CPU
		{69537753-CA2E-4FAD-9435-7DE563DA5195}.Debug|Any CPU.ActiveCfg = Debug|Any CPU
		{69537753-CA2E-4FAD-9435-7DE563DA5195}.Debug|Any CPU.Build.0 = Debug|Any CPU
		{69537753-CA2E-4FAD-9435-7DE563DA5195}.Release|Any CPU.ActiveCfg = Release|Any CPU
		{69537753-CA2E-4FAD-9435-7DE563DA5195}.Release|Any CPU.Build.0 = Release|Any CPU
		{B0F9C937-FB10-4CC2-82A8-C7F03543376A}.Debug|Any CPU.ActiveCfg = Debug|Any CPU
		{B0F9C937-FB10-4CC2-82A8-C7F03543376A}.Debug|Any CPU.Build.0 = Debug|Any CPU
		{B0F9C937-FB10-4CC2-82A8-C7F03543376A}.Release|Any CPU.ActiveCfg = Release|Any CPU
		{B0F9C937-FB10-4CC2-82A8-C7F03543376A}.Release|Any CPU.Build.0 = Release|Any CPU
		{0BA1FEEF-1839-464B-81CE-3DB51BA3A12D}.Debug|Any CPU.ActiveCfg = Debug|Any CPU
		{0BA1FEEF-1839-464B-81CE-3DB51BA3A12D}.Debug|Any CPU.Build.0 = Debug|Any CPU
		{0BA1FEEF-1839-464B-81CE-3DB51BA3A12D}.Release|Any CPU.ActiveCfg = Release|Any CPU
		{0BA1FEEF-1839-464B-81CE-3DB51BA3A12D}.Release|Any CPU.Build.0 = Release|Any CPU
	EndGlobalSection
	GlobalSection(SolutionProperties) = preSolution
		HideSolutionNode = FALSE
	EndGlobalSection
	GlobalSection(NestedProjects) = preSolution
		{DECD2930-BC76-460E-B951-2AADAD78217D} = {F997DF3C-A90A-4E82-8999-053A19B417F0}
		{69537753-CA2E-4FAD-9435-7DE563DA5195} = {F997DF3C-A90A-4E82-8999-053A19B417F0}
		{B0F9C937-FB10-4CC2-82A8-C7F03543376A} = {E65A3ED9-4A07-4D63-9DDB-3CFA0A222CA3}
		{0BA1FEEF-1839-464B-81CE-3DB51BA3A12D} = {E65A3ED9-4A07-4D63-9DDB-3CFA0A222CA3}
	EndGlobalSection
	GlobalSection(ExtensibilityGlobals) = postSolution
		SolutionGuid = {85062529-9C0E-416E-93A5-4AD9EDB5B478}
	EndGlobalSection
EndGlobal
